// !$*UTF8*$!
{
	archiveVersion = 1;
	classes = {
	};
	objectVersion = 77;
	objects = {

/* Begin PBXContainerItemProxy section */
		409105232CDE6439004A475B /* PBXContainerItemProxy */ = {
			isa = PBXContainerItemProxy;
			containerPortal = 409105012CDE6430004A475B /* Project object */;
			proxyType = 1;
			remoteGlobalIDString = 409105082CDE6430004A475B;
			remoteInfo = "Project23 - SwiftyNinja";
		};
		4091052D2CDE643A004A475B /* PBXContainerItemProxy */ = {
			isa = PBXContainerItemProxy;
			containerPortal = 409105012CDE6430004A475B /* Project object */;
			proxyType = 1;
			remoteGlobalIDString = 409105082CDE6430004A475B;
			remoteInfo = "Project23 - SwiftyNinja";
		};
/* End PBXContainerItemProxy section */

/* Begin PBXFileReference section */
		409105092CDE6430004A475B /* Project23 - SwiftyNinja.app */ = {isa = PBXFileReference; explicitFileType = wrapper.application; includeInIndex = 0; path = "Project23 - SwiftyNinja.app"; sourceTree = BUILT_PRODUCTS_DIR; };
		409105222CDE6439004A475B /* Project23 - SwiftyNinjaTests.xctest */ = {isa = PBXFileReference; explicitFileType = wrapper.cfbundle; includeInIndex = 0; path = "Project23 - SwiftyNinjaTests.xctest"; sourceTree = BUILT_PRODUCTS_DIR; };
		4091052C2CDE643A004A475B /* Project23 - SwiftyNinjaUITests.xctest */ = {isa = PBXFileReference; explicitFileType = wrapper.cfbundle; includeInIndex = 0; path = "Project23 - SwiftyNinjaUITests.xctest"; sourceTree = BUILT_PRODUCTS_DIR; };
/* End PBXFileReference section */

/* Begin PBXFileSystemSynchronizedRootGroup section */
		4091050B2CDE6430004A475B /* Project23 - SwiftyNinja */ = {
			isa = PBXFileSystemSynchronizedRootGroup;
			path = "Project23 - SwiftyNinja";
			sourceTree = "<group>";
		};
		409105252CDE6439004A475B /* Project23 - SwiftyNinjaTests */ = {
			isa = PBXFileSystemSynchronizedRootGroup;
			path = "Project23 - SwiftyNinjaTests";
			sourceTree = "<group>";
		};
		4091052F2CDE643A004A475B /* Project23 - SwiftyNinjaUITests */ = {
			isa = PBXFileSystemSynchronizedRootGroup;
			path = "Project23 - SwiftyNinjaUITests";
			sourceTree = "<group>";
		};
/* End PBXFileSystemSynchronizedRootGroup section */

/* Begin PBXFrameworksBuildPhase section */
		409105062CDE6430004A475B /* Frameworks */ = {
			isa = PBXFrameworksBuildPhase;
			buildActionMask = 2147483647;
			files = (
			);
			runOnlyForDeploymentPostprocessing = 0;
		};
		4091051F2CDE6439004A475B /* Frameworks */ = {
			isa = PBXFrameworksBuildPhase;
			buildActionMask = 2147483647;
			files = (
			);
			runOnlyForDeploymentPostprocessing = 0;
		};
		409105292CDE643A004A475B /* Frameworks */ = {
			isa = PBXFrameworksBuildPhase;
			buildActionMask = 2147483647;
			files = (
			);
			runOnlyForDeploymentPostprocessing = 0;
		};
/* End PBXFrameworksBuildPhase section */

/* Begin PBXGroup section */
		409105002CDE6430004A475B = {
			isa = PBXGroup;
			children = (
				4091050B2CDE6430004A475B /* Project23 - SwiftyNinja */,
				409105252CDE6439004A475B /* Project23 - SwiftyNinjaTests */,
				4091052F2CDE643A004A475B /* Project23 - SwiftyNinjaUITests */,
				4091050A2CDE6430004A475B /* Products */,
			);
			sourceTree = "<group>";
		};
		4091050A2CDE6430004A475B /* Products */ = {
			isa = PBXGroup;
			children = (
				409105092CDE6430004A475B /* Project23 - SwiftyNinja.app */,
				409105222CDE6439004A475B /* Project23 - SwiftyNinjaTests.xctest */,
				4091052C2CDE643A004A475B /* Project23 - SwiftyNinjaUITests.xctest */,
			);
			name = Products;
			sourceTree = "<group>";
		};
/* End PBXGroup section */

/* Begin PBXNativeTarget section */
		409105082CDE6430004A475B /* Project23 - SwiftyNinja */ = {
			isa = PBXNativeTarget;
			buildConfigurationList = 409105362CDE643A004A475B /* Build configuration list for PBXNativeTarget "Project23 - SwiftyNinja" */;
			buildPhases = (
				409105052CDE6430004A475B /* Sources */,
				409105062CDE6430004A475B /* Frameworks */,
				409105072CDE6430004A475B /* Resources */,
			);
			buildRules = (
			);
			dependencies = (
			);
			fileSystemSynchronizedGroups = (
				4091050B2CDE6430004A475B /* Project23 - SwiftyNinja */,
			);
			name = "Project23 - SwiftyNinja";
			packageProductDependencies = (
			);
			productName = "Project23 - SwiftyNinja";
			productReference = 409105092CDE6430004A475B /* Project23 - SwiftyNinja.app */;
			productType = "com.apple.product-type.application";
		};
		409105212CDE6439004A475B /* Project23 - SwiftyNinjaTests */ = {
			isa = PBXNativeTarget;
			buildConfigurationList = 409105392CDE643A004A475B /* Build configuration list for PBXNativeTarget "Project23 - SwiftyNinjaTests" */;
			buildPhases = (
				4091051E2CDE6439004A475B /* Sources */,
				4091051F2CDE6439004A475B /* Frameworks */,
				409105202CDE6439004A475B /* Resources */,
			);
			buildRules = (
			);
			dependencies = (
				409105242CDE6439004A475B /* PBXTargetDependency */,
			);
			fileSystemSynchronizedGroups = (
				409105252CDE6439004A475B /* Project23 - SwiftyNinjaTests */,
			);
			name = "Project23 - SwiftyNinjaTests";
			packageProductDependencies = (
			);
			productName = "Project23 - SwiftyNinjaTests";
			productReference = 409105222CDE6439004A475B /* Project23 - SwiftyNinjaTests.xctest */;
			productType = "com.apple.product-type.bundle.unit-test";
		};
		4091052B2CDE643A004A475B /* Project23 - SwiftyNinjaUITests */ = {
			isa = PBXNativeTarget;
			buildConfigurationList = 4091053C2CDE643A004A475B /* Build configuration list for PBXNativeTarget "Project23 - SwiftyNinjaUITests" */;
			buildPhases = (
				409105282CDE643A004A475B /* Sources */,
				409105292CDE643A004A475B /* Frameworks */,
				4091052A2CDE643A004A475B /* Resources */,
			);
			buildRules = (
			);
			dependencies = (
				4091052E2CDE643A004A475B /* PBXTargetDependency */,
			);
			fileSystemSynchronizedGroups = (
				4091052F2CDE643A004A475B /* Project23 - SwiftyNinjaUITests */,
			);
			name = "Project23 - SwiftyNinjaUITests";
			packageProductDependencies = (
			);
			productName = "Project23 - SwiftyNinjaUITests";
			productReference = 4091052C2CDE643A004A475B /* Project23 - SwiftyNinjaUITests.xctest */;
			productType = "com.apple.product-type.bundle.ui-testing";
		};
/* End PBXNativeTarget section */

/* Begin PBXProject section */
		409105012CDE6430004A475B /* Project object */ = {
			isa = PBXProject;
			attributes = {
				BuildIndependentTargetsInParallel = 1;
				LastSwiftUpdateCheck = 1610;
				LastUpgradeCheck = 1610;
				TargetAttributes = {
					409105082CDE6430004A475B = {
						CreatedOnToolsVersion = 16.1;
					};
					409105212CDE6439004A475B = {
						CreatedOnToolsVersion = 16.1;
						TestTargetID = 409105082CDE6430004A475B;
					};
					4091052B2CDE643A004A475B = {
						CreatedOnToolsVersion = 16.1;
						TestTargetID = 409105082CDE6430004A475B;
					};
				};
			};
			buildConfigurationList = 409105042CDE6430004A475B /* Build configuration list for PBXProject "Project23 - SwiftyNinja" */;
			developmentRegion = en;
			hasScannedForEncodings = 0;
			knownRegions = (
				en,
				Base,
			);
			mainGroup = 409105002CDE6430004A475B;
			minimizedProjectReferenceProxies = 1;
			preferredProjectObjectVersion = 77;
			productRefGroup = 4091050A2CDE6430004A475B /* Products */;
			projectDirPath = "";
			projectRoot = "";
			targets = (
				409105082CDE6430004A475B /* Project23 - SwiftyNinja */,
				409105212CDE6439004A475B /* Project23 - SwiftyNinjaTests */,
				4091052B2CDE643A004A475B /* Project23 - SwiftyNinjaUITests */,
			);
		};
/* End PBXProject section */

/* Begin PBXResourcesBuildPhase section */
		409105072CDE6430004A475B /* Resources */ = {
			isa = PBXResourcesBuildPhase;
			buildActionMask = 2147483647;
			files = (
			);
			runOnlyForDeploymentPostprocessing = 0;
		};
		409105202CDE6439004A475B /* Resources */ = {
			isa = PBXResourcesBuildPhase;
			buildActionMask = 2147483647;
			files = (
			);
			runOnlyForDeploymentPostprocessing = 0;
		};
		4091052A2CDE643A004A475B /* Resources */ = {
			isa = PBXResourcesBuildPhase;
			buildActionMask = 2147483647;
			files = (
			);
			runOnlyForDeploymentPostprocessing = 0;
		};
/* End PBXResourcesBuildPhase section */

/* Begin PBXSourcesBuildPhase section */
		409105052CDE6430004A475B /* Sources */ = {
			isa = PBXSourcesBuildPhase;
			buildActionMask = 2147483647;
			files = (
			);
			runOnlyForDeploymentPostprocessing = 0;
		};
		4091051E2CDE6439004A475B /* Sources */ = {
			isa = PBXSourcesBuildPhase;
			buildActionMask = 2147483647;
			files = (
			);
			runOnlyForDeploymentPostprocessing = 0;
		};
		409105282CDE643A004A475B /* Sources */ = {
			isa = PBXSourcesBuildPhase;
			buildActionMask = 2147483647;
			files = (
			);
			runOnlyForDeploymentPostprocessing = 0;
		};
/* End PBXSourcesBuildPhase section */

/* Begin PBXTargetDependency section */
		409105242CDE6439004A475B /* PBXTargetDependency */ = {
			isa = PBXTargetDependency;
			target = 409105082CDE6430004A475B /* Project23 - SwiftyNinja */;
			targetProxy = 409105232CDE6439004A475B /* PBXContainerItemProxy */;
		};
		4091052E2CDE643A004A475B /* PBXTargetDependency */ = {
			isa = PBXTargetDependency;
			target = 409105082CDE6430004A475B /* Project23 - SwiftyNinja */;
			targetProxy = 4091052D2CDE643A004A475B /* PBXContainerItemProxy */;
		};
/* End PBXTargetDependency section */

/* Begin XCBuildConfiguration section */
		409105342CDE643A004A475B /* Debug */ = {
			isa = XCBuildConfiguration;
			buildSettings = {
				ALWAYS_SEARCH_USER_PATHS = NO;
				ASSETCATALOG_COMPILER_GENERATE_SWIFT_ASSET_SYMBOL_EXTENSIONS = YES;
				CLANG_ANALYZER_NONNULL = YES;
				CLANG_ANALYZER_NUMBER_OBJECT_CONVERSION = YES_AGGRESSIVE;
				CLANG_CXX_LANGUAGE_STANDARD = "gnu++20";
				CLANG_ENABLE_MODULES = YES;
				CLANG_ENABLE_OBJC_ARC = YES;
				CLANG_ENABLE_OBJC_WEAK = YES;
				CLANG_WARN_BLOCK_CAPTURE_AUTORELEASING = YES;
				CLANG_WARN_BOOL_CONVERSION = YES;
				CLANG_WARN_COMMA = YES;
				CLANG_WARN_CONSTANT_CONVERSION = YES;
				CLANG_WARN_DEPRECATED_OBJC_IMPLEMENTATIONS = YES;
				CLANG_WARN_DIRECT_OBJC_ISA_USAGE = YES_ERROR;
				CLANG_WARN_DOCUMENTATION_COMMENTS = YES;
				CLANG_WARN_EMPTY_BODY = YES;
				CLANG_WARN_ENUM_CONVERSION = YES;
				CLANG_WARN_INFINITE_RECURSION = YES;
				CLANG_WARN_INT_CONVERSION = YES;
				CLANG_WARN_NON_LITERAL_NULL_CONVERSION = YES;
				CLANG_WARN_OBJC_IMPLICIT_RETAIN_SELF = YES;
				CLANG_WARN_OBJC_LITERAL_CONVERSION = YES;
				CLANG_WARN_OBJC_ROOT_CLASS = YES_ERROR;
				CLANG_WARN_QUOTED_INCLUDE_IN_FRAMEWORK_HEADER = YES;
				CLANG_WARN_RANGE_LOOP_ANALYSIS = YES;
				CLANG_WARN_STRICT_PROTOTYPES = YES;
				CLANG_WARN_SUSPICIOUS_MOVE = YES;
				CLANG_WARN_UNGUARDED_AVAILABILITY = YES_AGGRESSIVE;
				CLANG_WARN_UNREACHABLE_CODE = YES;
				CLANG_WARN__DUPLICATE_METHOD_MATCH = YES;
				COPY_PHASE_STRIP = NO;
				DEBUG_INFORMATION_FORMAT = dwarf;
				ENABLE_STRICT_OBJC_MSGSEND = YES;
				ENABLE_TESTABILITY = YES;
				ENABLE_USER_SCRIPT_SANDBOXING = YES;
				GCC_C_LANGUAGE_STANDARD = gnu17;
				GCC_DYNAMIC_NO_PIC = NO;
				GCC_NO_COMMON_BLOCKS = YES;
				GCC_OPTIMIZATION_LEVEL = 0;
				GCC_PREPROCESSOR_DEFINITIONS = (
					"DEBUG=1",
					"$(inherited)",
				);
				GCC_WARN_64_TO_32_BIT_CONVERSION = YES;
				GCC_WARN_ABOUT_RETURN_TYPE = YES_ERROR;
				GCC_WARN_UNDECLARED_SELECTOR = YES;
				GCC_WARN_UNINITIALIZED_AUTOS = YES_AGGRESSIVE;
				GCC_WARN_UNUSED_FUNCTION = YES;
				GCC_WARN_UNUSED_VARIABLE = YES;
				IPHONEOS_DEPLOYMENT_TARGET = 18.1;
				LOCALIZATION_PREFERS_STRING_CATALOGS = YES;
				MTL_ENABLE_DEBUG_INFO = INCLUDE_SOURCE;
				MTL_FAST_MATH = YES;
				ONLY_ACTIVE_ARCH = YES;
				SDKROOT = iphoneos;
				SWIFT_ACTIVE_COMPILATION_CONDITIONS = "DEBUG $(inherited)";
				SWIFT_OPTIMIZATION_LEVEL = "-Onone";
			};
			name = Debug;
		};
		409105352CDE643A004A475B /* Release */ = {
			isa = XCBuildConfiguration;
			buildSettings = {
				ALWAYS_SEARCH_USER_PATHS = NO;
				ASSETCATALOG_COMPILER_GENERATE_SWIFT_ASSET_SYMBOL_EXTENSIONS = YES;
				CLANG_ANALYZER_NONNULL = YES;
				CLANG_ANALYZER_NUMBER_OBJECT_CONVERSION = YES_AGGRESSIVE;
				CLANG_CXX_LANGUAGE_STANDARD = "gnu++20";
				CLANG_ENABLE_MODULES = YES;
				CLANG_ENABLE_OBJC_ARC = YES;
				CLANG_ENABLE_OBJC_WEAK = YES;
				CLANG_WARN_BLOCK_CAPTURE_AUTORELEASING = YES;
				CLANG_WARN_BOOL_CONVERSION = YES;
				CLANG_WARN_COMMA = YES;
				CLANG_WARN_CONSTANT_CONVERSION = YES;
				CLANG_WARN_DEPRECATED_OBJC_IMPLEMENTATIONS = YES;
				CLANG_WARN_DIRECT_OBJC_ISA_USAGE = YES_ERROR;
				CLANG_WARN_DOCUMENTATION_COMMENTS = YES;
				CLANG_WARN_EMPTY_BODY = YES;
				CLANG_WARN_ENUM_CONVERSION = YES;
				CLANG_WARN_INFINITE_RECURSION = YES;
				CLANG_WARN_INT_CONVERSION = YES;
				CLANG_WARN_NON_LITERAL_NULL_CONVERSION = YES;
				CLANG_WARN_OBJC_IMPLICIT_RETAIN_SELF = YES;
				CLANG_WARN_OBJC_LITERAL_CONVERSION = YES;
				CLANG_WARN_OBJC_ROOT_CLASS = YES_ERROR;
				CLANG_WARN_QUOTED_INCLUDE_IN_FRAMEWORK_HEADER = YES;
				CLANG_WARN_RANGE_LOOP_ANALYSIS = YES;
				CLANG_WARN_STRICT_PROTOTYPES = YES;
				CLANG_WARN_SUSPICIOUS_MOVE = YES;
				CLANG_WARN_UNGUARDED_AVAILABILITY = YES_AGGRESSIVE;
				CLANG_WARN_UNREACHABLE_CODE = YES;
				CLANG_WARN__DUPLICATE_METHOD_MATCH = YES;
				COPY_PHASE_STRIP = NO;
				DEBUG_INFORMATION_FORMAT = "dwarf-with-dsym";
				ENABLE_NS_ASSERTIONS = NO;
				ENABLE_STRICT_OBJC_MSGSEND = YES;
				ENABLE_USER_SCRIPT_SANDBOXING = YES;
				GCC_C_LANGUAGE_STANDARD = gnu17;
				GCC_NO_COMMON_BLOCKS = YES;
				GCC_WARN_64_TO_32_BIT_CONVERSION = YES;
				GCC_WARN_ABOUT_RETURN_TYPE = YES_ERROR;
				GCC_WARN_UNDECLARED_SELECTOR = YES;
				GCC_WARN_UNINITIALIZED_AUTOS = YES_AGGRESSIVE;
				GCC_WARN_UNUSED_FUNCTION = YES;
				GCC_WARN_UNUSED_VARIABLE = YES;
				IPHONEOS_DEPLOYMENT_TARGET = 18.1;
				LOCALIZATION_PREFERS_STRING_CATALOGS = YES;
				MTL_ENABLE_DEBUG_INFO = NO;
				MTL_FAST_MATH = YES;
				SDKROOT = iphoneos;
				SWIFT_COMPILATION_MODE = wholemodule;
				VALIDATE_PRODUCT = YES;
			};
			name = Release;
		};
		409105372CDE643A004A475B /* Debug */ = {
			isa = XCBuildConfiguration;
			buildSettings = {
				ASSETCATALOG_COMPILER_APPICON_NAME = AppIcon;
				ASSETCATALOG_COMPILER_GLOBAL_ACCENT_COLOR_NAME = AccentColor;
				CODE_SIGN_STYLE = Automatic;
				CURRENT_PROJECT_VERSION = 1;
				DEVELOPMENT_TEAM = M9MT23QW7V;
				GENERATE_INFOPLIST_FILE = YES;
				INFOPLIST_KEY_UIApplicationSupportsIndirectInputEvents = YES;
				INFOPLIST_KEY_UILaunchStoryboardName = LaunchScreen;
				INFOPLIST_KEY_UIMainStoryboardFile = Main;
				INFOPLIST_KEY_UIStatusBarHidden = YES;
				INFOPLIST_KEY_UISupportedInterfaceOrientations_iPad = "UIInterfaceOrientationPortrait UIInterfaceOrientationPortraitUpsideDown UIInterfaceOrientationLandscapeLeft UIInterfaceOrientationLandscapeRight";
				INFOPLIST_KEY_UISupportedInterfaceOrientations_iPhone = "UIInterfaceOrientationPortrait UIInterfaceOrientationLandscapeLeft UIInterfaceOrientationLandscapeRight";
				LD_RUNPATH_SEARCH_PATHS = (
					"$(inherited)",
					"@executable_path/Frameworks",
				);
				MARKETING_VERSION = 1.0;
				PRODUCT_BUNDLE_IDENTIFIER = "noahpope.Project23---SwiftyNinja";
				PRODUCT_NAME = "$(TARGET_NAME)";
				SWIFT_EMIT_LOC_STRINGS = YES;
				SWIFT_VERSION = 5.0;
				TARGETED_DEVICE_FAMILY = "1,2";
			};
			name = Debug;
		};
		409105382CDE643A004A475B /* Release */ = {
			isa = XCBuildConfiguration;
			buildSettings = {
				ASSETCATALOG_COMPILER_APPICON_NAME = AppIcon;
				ASSETCATALOG_COMPILER_GLOBAL_ACCENT_COLOR_NAME = AccentColor;
				CODE_SIGN_STYLE = Automatic;
				CURRENT_PROJECT_VERSION = 1;
				DEVELOPMENT_TEAM = M9MT23QW7V;
				GENERATE_INFOPLIST_FILE = YES;
				INFOPLIST_KEY_UIApplicationSupportsIndirectInputEvents = YES;
				INFOPLIST_KEY_UILaunchStoryboardName = LaunchScreen;
				INFOPLIST_KEY_UIMainStoryboardFile = Main;
				INFOPLIST_KEY_UIStatusBarHidden = YES;
				INFOPLIST_KEY_UISupportedInterfaceOrientations_iPad = "UIInterfaceOrientationPortrait UIInterfaceOrientationPortraitUpsideDown UIInterfaceOrientationLandscapeLeft UIInterfaceOrientationLandscapeRight";
				INFOPLIST_KEY_UISupportedInterfaceOrientations_iPhone = "UIInterfaceOrientationPortrait UIInterfaceOrientationLandscapeLeft UIInterfaceOrientationLandscapeRight";
				LD_RUNPATH_SEARCH_PATHS = (
					"$(inherited)",
					"@executable_path/Frameworks",
				);
				MARKETING_VERSION = 1.0;
				PRODUCT_BUNDLE_IDENTIFIER = "noahpope.Project23---SwiftyNinja";
				PRODUCT_NAME = "$(TARGET_NAME)";
				SWIFT_EMIT_LOC_STRINGS = YES;
				SWIFT_VERSION = 5.0;
				TARGETED_DEVICE_FAMILY = "1,2";
			};
			name = Release;
		};
		4091053A2CDE643A004A475B /* Debug */ = {
			isa = XCBuildConfiguration;
			buildSettings = {
				BUNDLE_LOADER = "$(TEST_HOST)";
				CODE_SIGN_STYLE = Automatic;
				CURRENT_PROJECT_VERSION = 1;
				DEVELOPMENT_TEAM = M9MT23QW7V;
				GENERATE_INFOPLIST_FILE = YES;
				IPHONEOS_DEPLOYMENT_TARGET = 18.1;
				MARKETING_VERSION = 1.0;
				PRODUCT_BUNDLE_IDENTIFIER = "noahpope.Project23---SwiftyNinjaTests";
				PRODUCT_NAME = "$(TARGET_NAME)";
				SWIFT_EMIT_LOC_STRINGS = NO;
				SWIFT_VERSION = 5.0;
				TARGETED_DEVICE_FAMILY = "1,2";
				TEST_HOST = "$(BUILT_PRODUCTS_DIR)/Project23 - SwiftyNinja.app/$(BUNDLE_EXECUTABLE_FOLDER_PATH)/Project23 - SwiftyNinja";
			};
			name = Debug;
		};
		4091053B2CDE643A004A475B /* Release */ = {
			isa = XCBuildConfiguration;
			buildSettings = {
				BUNDLE_LOADER = "$(TEST_HOST)";
				CODE_SIGN_STYLE = Automatic;
				CURRENT_PROJECT_VERSION = 1;
				DEVELOPMENT_TEAM = M9MT23QW7V;
				GENERATE_INFOPLIST_FILE = YES;
				IPHONEOS_DEPLOYMENT_TARGET = 18.1;
				MARKETING_VERSION = 1.0;
				PRODUCT_BUNDLE_IDENTIFIER = "noahpope.Project23---SwiftyNinjaTests";
				PRODUCT_NAME = "$(TARGET_NAME)";
				SWIFT_EMIT_LOC_STRINGS = NO;
				SWIFT_VERSION = 5.0;
				TARGETED_DEVICE_FAMILY = "1,2";
				TEST_HOST = "$(BUILT_PRODUCTS_DIR)/Project23 - SwiftyNinja.app/$(BUNDLE_EXECUTABLE_FOLDER_PATH)/Project23 - SwiftyNinja";
			};
			name = Release;
		};
		4091053D2CDE643A004A475B /* Debug */ = {
			isa = XCBuildConfiguration;
			buildSettings = {
				CODE_SIGN_STYLE = Automatic;
				CURRENT_PROJECT_VERSION = 1;
				DEVELOPMENT_TEAM = M9MT23QW7V;
				GENERATE_INFOPLIST_FILE = YES;
				MARKETING_VERSION = 1.0;
				PRODUCT_BUNDLE_IDENTIFIER = "noahpope.Project23---SwiftyNinjaUITests";
				PRODUCT_NAME = "$(TARGET_NAME)";
				SWIFT_EMIT_LOC_STRINGS = NO;
				SWIFT_VERSION = 5.0;
				TARGETED_DEVICE_FAMILY = "1,2";
				TEST_TARGET_NAME = "Project23 - SwiftyNinja";
			};
			name = Debug;
		};
		4091053E2CDE643A004A475B /* Release */ = {
			isa = XCBuildConfiguration;
			buildSettings = {
				CODE_SIGN_STYLE = Automatic;
				CURRENT_PROJECT_VERSION = 1;
				DEVELOPMENT_TEAM = M9MT23QW7V;
				GENERATE_INFOPLIST_FILE = YES;
				MARKETING_VERSION = 1.0;
				PRODUCT_BUNDLE_IDENTIFIER = "noahpope.Project23---SwiftyNinjaUITests";
				PRODUCT_NAME = "$(TARGET_NAME)";
				SWIFT_EMIT_LOC_STRINGS = NO;
				SWIFT_VERSION = 5.0;
				TARGETED_DEVICE_FAMILY = "1,2";
				TEST_TARGET_NAME = "Project23 - SwiftyNinja";
			};
			name = Release;
		};
/* End XCBuildConfiguration section */

/* Begin XCConfigurationList section */
		409105042CDE6430004A475B /* Build configuration list for PBXProject "Project23 - SwiftyNinja" */ = {
			isa = XCConfigurationList;
			buildConfigurations = (
				409105342CDE643A004A475B /* Debug */,
				409105352CDE643A004A475B /* Release */,
			);
			defaultConfigurationIsVisible = 0;
			defaultConfigurationName = Release;
		};
		409105362CDE643A004A475B /* Build configuration list for PBXNativeTarget "Project23 - SwiftyNinja" */ = {
			isa = XCConfigurationList;
			buildConfigurations = (
				409105372CDE643A004A475B /* Debug */,
				409105382CDE643A004A475B /* Release */,
			);
			defaultConfigurationIsVisible = 0;
			defaultConfigurationName = Release;
		};
		409105392CDE643A004A475B /* Build configuration list for PBXNativeTarget "Project23 - SwiftyNinjaTests" */ = {
			isa = XCConfigurationList;
			buildConfigurations = (
				4091053A2CDE643A004A475B /* Debug */,
				4091053B2CDE643A004A475B /* Release */,
			);
			defaultConfigurationIsVisible = 0;
			defaultConfigurationName = Release;
		};
		4091053C2CDE643A004A475B /* Build configuration list for PBXNativeTarget "Project23 - SwiftyNinjaUITests" */ = {
			isa = XCConfigurationList;
			buildConfigurations = (
				4091053D2CDE643A004A475B /* Debug */,
				4091053E2CDE643A004A475B /* Release */,
			);
			defaultConfigurationIsVisible = 0;
			defaultConfigurationName = Release;
		};
/* End XCConfigurationList section */
	};
	rootObject = 409105012CDE6430004A475B /* Project object */;
}
